
Microsoft Visual Studio Solution File, Format Version 12.00
# Visual Studio Version 16
VisualStudioVersion = 16.0.30621.155
MinimumVisualStudioVersion = 10.0.40219.1
Project("{FAE04EC0-301F-11D3-BF4B-00C04F79EFBC}") = "AdventOfCode2020", "AdventOfCode2020\AdventOfCode2020.csproj", "{2254C7DA-15A4-4974-81AB-96C6BDCCA1F4}"
EndProject
Global
	GlobalSection(SolutionConfigurationPlatforms) = preSolution
		Debug|Any CPU = Debug|Any CPU
		Release|Any CPU = Release|Any CPU
	EndGlobalSection
	GlobalSection(ProjectConfigurationPlatforms) = postSolution
		{2254C7DA-15A4-4974-81AB-96C6BDCCA1F4}.Debug|Any CPU.ActiveCfg = Debug|Any CPU
		{2254C7DA-15A4-4974-81AB-96C6BDCCA1F4}.Debug|Any CPU.Build.0 = Debug|Any CPU
		{2254C7DA-15A4-4974-81AB-96C6BDCCA1F4}.Release|Any CPU.ActiveCfg = Release|Any CPU
		{2254C7DA-15A4-4974-81AB-96C6BDCCA1F4}.Release|Any CPU.Build.0 = Release|Any CPU
	EndGlobalSection
	GlobalSection(SolutionProperties) = preSolution
		HideSolutionNode = FALSE
	EndGlobalSection
	GlobalSection(ExtensibilityGlobals) = postSolution
		SolutionGuid = {EF8AAE64-EFD6-4ACB-B1F1-D1B09B5F04A9}
	EndGlobalSection
EndGlobal
